
Microsoft Visual Studio Solution File, Format Version 12.00
# Visual Studio Version 17
VisualStudioVersion = 17.0.31903.59
MinimumVisualStudioVersion = 10.0.40219.1
Project("{2150E333-8FDC-42A3-9474-1A3956D46DE8}") = "src", "src", "{4CC7CA0E-F0BD-4DEF-AAAF-579AD538A200}"
EndProject
Project("{FAE04EC0-301F-11D3-BF4B-00C04F79EFBC}") = "Trading.API", "src\Trading.API\Trading.API.csproj", "{9E7297F5-6671-4BB0-832D-1BDD0E6689F7}"
EndProject
Project("{FAE04EC0-301F-11D3-BF4B-00C04F79EFBC}") = "Trading.Web", "src\Trading.Web\Trading.Web.csproj", "{060309CC-DAFC-4C4F-88E8-888E7F066FF4}"
EndProject
Project("{FAE04EC0-301F-11D3-BF4B-00C04F79EFBC}") = "Common", "src\Common\Common.csproj", "{A54EC967-4149-403E-BD73-F8395ED5BCBF}"
EndProject
Global
	GlobalSection(SolutionConfigurationPlatforms) = preSolution
		Debug|Any CPU = Debug|Any CPU
		Release|Any CPU = Release|Any CPU
	EndGlobalSection
	GlobalSection(ProjectConfigurationPlatforms) = postSolution
		{9E7297F5-6671-4BB0-832D-1BDD0E6689F7}.Debug|Any CPU.ActiveCfg = Debug|Any CPU
		{9E7297F5-6671-4BB0-832D-1BDD0E6689F7}.Debug|Any CPU.Build.0 = Debug|Any CPU
		{9E7297F5-6671-4BB0-832D-1BDD0E6689F7}.Release|Any CPU.ActiveCfg = Release|Any CPU
		{9E7297F5-6671-4BB0-832D-1BDD0E6689F7}.Release|Any CPU.Build.0 = Release|Any CPU
		{060309CC-DAFC-4C4F-88E8-888E7F066FF4}.Debug|Any CPU.ActiveCfg = Debug|Any CPU
		{060309CC-DAFC-4C4F-88E8-888E7F066FF4}.Debug|Any CPU.Build.0 = Debug|Any CPU
		{060309CC-DAFC-4C4F-88E8-888E7F066FF4}.Release|Any CPU.ActiveCfg = Release|Any CPU
		{060309CC-DAFC-4C4F-88E8-888E7F066FF4}.Release|Any CPU.Build.0 = Release|Any CPU
		{A54EC967-4149-403E-BD73-F8395ED5BCBF}.Debug|Any CPU.ActiveCfg = Debug|Any CPU
		{A54EC967-4149-403E-BD73-F8395ED5BCBF}.Debug|Any CPU.Build.0 = Debug|Any CPU
		{A54EC967-4149-403E-BD73-F8395ED5BCBF}.Release|Any CPU.ActiveCfg = Release|Any CPU
		{A54EC967-4149-403E-BD73-F8395ED5BCBF}.Release|Any CPU.Build.0 = Release|Any CPU
	EndGlobalSection
	GlobalSection(SolutionProperties) = preSolution
		HideSolutionNode = FALSE
	EndGlobalSection
	GlobalSection(NestedProjects) = preSolution
		{9E7297F5-6671-4BB0-832D-1BDD0E6689F7} = {4CC7CA0E-F0BD-4DEF-AAAF-579AD538A200}
		{060309CC-DAFC-4C4F-88E8-888E7F066FF4} = {4CC7CA0E-F0BD-4DEF-AAAF-579AD538A200}
		{A54EC967-4149-403E-BD73-F8395ED5BCBF} = {4CC7CA0E-F0BD-4DEF-AAAF-579AD538A200}
	EndGlobalSection
	GlobalSection(ExtensibilityGlobals) = postSolution
		SolutionGuid = {62420C62-59C1-4424-96AA-4421E9312EAF}
	EndGlobalSection
EndGlobal
